// !$*UTF8*$!
{
	archiveVersion = 1;
	classes = {
	};
	objectVersion = 51;
	objects = {

/* Begin PBXBuildFile section */
		5B507977B11368B117CD7FB5 /* Pods_PodcastPlayer_PodcastPlayerUITests.framework in Frameworks */ = {isa = PBXBuildFile; fileRef = 92A39518460425BF0D571196 /* Pods_PodcastPlayer_PodcastPlayerUITests.framework */; };
		712CB91325E9E72600034CE7 /* EpisodeFeedLoader.swift in Sources */ = {isa = PBXBuildFile; fileRef = 712CB91225E9E72600034CE7 /* EpisodeFeedLoader.swift */; };
		713D495025EB5C0D00058FD4 /* EpisodeFeedTableViewCell.swift in Sources */ = {isa = PBXBuildFile; fileRef = 713D494E25EB5C0D00058FD4 /* EpisodeFeedTableViewCell.swift */; };
		713D495125EB5C0D00058FD4 /* EpisodeFeedTableViewCell.xib in Resources */ = {isa = PBXBuildFile; fileRef = 713D494F25EB5C0D00058FD4 /* EpisodeFeedTableViewCell.xib */; };
		713D496B25EB719700058FD4 /* UITableView+Extension.swift in Sources */ = {isa = PBXBuildFile; fileRef = 713D496A25EB719700058FD4 /* UITableView+Extension.swift */; };
		713D497025EB745F00058FD4 /* DateFormatter+Extension.swift in Sources */ = {isa = PBXBuildFile; fileRef = 713D496F25EB745F00058FD4 /* DateFormatter+Extension.swift */; };
		713D497E25EB915600058FD4 /* RSSItem.swift in Sources */ = {isa = PBXBuildFile; fileRef = 713D497D25EB915600058FD4 /* RSSItem.swift */; };
		7183AAC225E764A300E1AD98 /* AppDelegate.swift in Sources */ = {isa = PBXBuildFile; fileRef = 7183AAC125E764A300E1AD98 /* AppDelegate.swift */; };
		7183AAC425E764A300E1AD98 /* SceneDelegate.swift in Sources */ = {isa = PBXBuildFile; fileRef = 7183AAC325E764A300E1AD98 /* SceneDelegate.swift */; };
		7183AACB25E764A400E1AD98 /* Assets.xcassets in Resources */ = {isa = PBXBuildFile; fileRef = 7183AACA25E764A400E1AD98 /* Assets.xcassets */; };
		7183AACE25E764A400E1AD98 /* LaunchScreen.storyboard in Resources */ = {isa = PBXBuildFile; fileRef = 7183AACC25E764A400E1AD98 /* LaunchScreen.storyboard */; };
		7183AAD925E764A500E1AD98 /* PodcastPlayerTests.swift in Sources */ = {isa = PBXBuildFile; fileRef = 7183AAD825E764A500E1AD98 /* PodcastPlayerTests.swift */; };
		7183AAE425E764A500E1AD98 /* PodcastPlayerUITests.swift in Sources */ = {isa = PBXBuildFile; fileRef = 7183AAE325E764A500E1AD98 /* PodcastPlayerUITests.swift */; };
		71AE976D25EBC07D00E9284F /* HomepageTableHeaderView.swift in Sources */ = {isa = PBXBuildFile; fileRef = 71AE976C25EBC07D00E9284F /* HomepageTableHeaderView.swift */; };
		71CFF16E25EA4D6900C0D278 /* HTTPClient.swift in Sources */ = {isa = PBXBuildFile; fileRef = 71CFF16D25EA4D6900C0D278 /* HTTPClient.swift */; };
		71CFF17F25EA86B800C0D278 /* HomepageViewController.swift in Sources */ = {isa = PBXBuildFile; fileRef = 71CFF17D25EA86B800C0D278 /* HomepageViewController.swift */; };
		71CFF18025EA86B800C0D278 /* HomepageViewController.xib in Resources */ = {isa = PBXBuildFile; fileRef = 71CFF17E25EA86B800C0D278 /* HomepageViewController.xib */; };
		839F890BA4A665B5F142A214 /* Pods_PodcastPlayer.framework in Frameworks */ = {isa = PBXBuildFile; fileRef = 0B700F3272DD8AC5D43BE7F9 /* Pods_PodcastPlayer.framework */; };
		F558C36E918486F71433BB9B /* Pods_PodcastPlayerTests.framework in Frameworks */ = {isa = PBXBuildFile; fileRef = C2595733C8653F7163B8F8B6 /* Pods_PodcastPlayerTests.framework */; };
/* End PBXBuildFile section */

/* Begin PBXContainerItemProxy section */
		7183AAD525E764A500E1AD98 /* PBXContainerItemProxy */ = {
			isa = PBXContainerItemProxy;
			containerPortal = 7183AAB625E764A300E1AD98 /* Project object */;
			proxyType = 1;
			remoteGlobalIDString = 7183AABD25E764A300E1AD98;
			remoteInfo = PodcastPlayer;
		};
		7183AAE025E764A500E1AD98 /* PBXContainerItemProxy */ = {
			isa = PBXContainerItemProxy;
			containerPortal = 7183AAB625E764A300E1AD98 /* Project object */;
			proxyType = 1;
			remoteGlobalIDString = 7183AABD25E764A300E1AD98;
			remoteInfo = PodcastPlayer;
		};
/* End PBXContainerItemProxy section */

/* Begin PBXFileReference section */
		0B700F3272DD8AC5D43BE7F9 /* Pods_PodcastPlayer.framework */ = {isa = PBXFileReference; explicitFileType = wrapper.framework; includeInIndex = 0; path = Pods_PodcastPlayer.framework; sourceTree = BUILT_PRODUCTS_DIR; };
		0F1BB758FF437D4D82629DCD /* Pods-PodcastPlayerTests.debug.xcconfig */ = {isa = PBXFileReference; includeInIndex = 1; lastKnownFileType = text.xcconfig; name = "Pods-PodcastPlayerTests.debug.xcconfig"; path = "Target Support Files/Pods-PodcastPlayerTests/Pods-PodcastPlayerTests.debug.xcconfig"; sourceTree = "<group>"; };
		4F4C0986976B55A4A3CFB6ED /* Pods-PodcastPlayer-PodcastPlayerUITests.release.xcconfig */ = {isa = PBXFileReference; includeInIndex = 1; lastKnownFileType = text.xcconfig; name = "Pods-PodcastPlayer-PodcastPlayerUITests.release.xcconfig"; path = "Target Support Files/Pods-PodcastPlayer-PodcastPlayerUITests/Pods-PodcastPlayer-PodcastPlayerUITests.release.xcconfig"; sourceTree = "<group>"; };
		712CB91225E9E72600034CE7 /* EpisodeFeedLoader.swift */ = {isa = PBXFileReference; lastKnownFileType = sourcecode.swift; path = EpisodeFeedLoader.swift; sourceTree = "<group>"; };
		713D494E25EB5C0D00058FD4 /* EpisodeFeedTableViewCell.swift */ = {isa = PBXFileReference; lastKnownFileType = sourcecode.swift; path = EpisodeFeedTableViewCell.swift; sourceTree = "<group>"; };
		713D494F25EB5C0D00058FD4 /* EpisodeFeedTableViewCell.xib */ = {isa = PBXFileReference; lastKnownFileType = file.xib; path = EpisodeFeedTableViewCell.xib; sourceTree = "<group>"; };
		713D496A25EB719700058FD4 /* UITableView+Extension.swift */ = {isa = PBXFileReference; lastKnownFileType = sourcecode.swift; path = "UITableView+Extension.swift"; sourceTree = "<group>"; };
		713D496F25EB745F00058FD4 /* DateFormatter+Extension.swift */ = {isa = PBXFileReference; lastKnownFileType = sourcecode.swift; path = "DateFormatter+Extension.swift"; sourceTree = "<group>"; };
		713D497D25EB915600058FD4 /* RSSItem.swift */ = {isa = PBXFileReference; lastKnownFileType = sourcecode.swift; path = RSSItem.swift; sourceTree = "<group>"; };
		7183AABE25E764A300E1AD98 /* PodcastPlayer.app */ = {isa = PBXFileReference; explicitFileType = wrapper.application; includeInIndex = 0; path = PodcastPlayer.app; sourceTree = BUILT_PRODUCTS_DIR; };
		7183AAC125E764A300E1AD98 /* AppDelegate.swift */ = {isa = PBXFileReference; lastKnownFileType = sourcecode.swift; path = AppDelegate.swift; sourceTree = "<group>"; };
		7183AAC325E764A300E1AD98 /* SceneDelegate.swift */ = {isa = PBXFileReference; lastKnownFileType = sourcecode.swift; path = SceneDelegate.swift; sourceTree = "<group>"; };
		7183AACA25E764A400E1AD98 /* Assets.xcassets */ = {isa = PBXFileReference; lastKnownFileType = folder.assetcatalog; path = Assets.xcassets; sourceTree = "<group>"; };
		7183AACD25E764A400E1AD98 /* Base */ = {isa = PBXFileReference; lastKnownFileType = file.storyboard; name = Base; path = Base.lproj/LaunchScreen.storyboard; sourceTree = "<group>"; };
		7183AACF25E764A400E1AD98 /* Info.plist */ = {isa = PBXFileReference; lastKnownFileType = text.plist.xml; path = Info.plist; sourceTree = "<group>"; };
		7183AAD425E764A500E1AD98 /* PodcastPlayerTests.xctest */ = {isa = PBXFileReference; explicitFileType = wrapper.cfbundle; includeInIndex = 0; path = PodcastPlayerTests.xctest; sourceTree = BUILT_PRODUCTS_DIR; };
		7183AAD825E764A500E1AD98 /* PodcastPlayerTests.swift */ = {isa = PBXFileReference; lastKnownFileType = sourcecode.swift; path = PodcastPlayerTests.swift; sourceTree = "<group>"; };
		7183AADA25E764A500E1AD98 /* Info.plist */ = {isa = PBXFileReference; lastKnownFileType = text.plist.xml; path = Info.plist; sourceTree = "<group>"; };
		7183AADF25E764A500E1AD98 /* PodcastPlayerUITests.xctest */ = {isa = PBXFileReference; explicitFileType = wrapper.cfbundle; includeInIndex = 0; path = PodcastPlayerUITests.xctest; sourceTree = BUILT_PRODUCTS_DIR; };
		7183AAE325E764A500E1AD98 /* PodcastPlayerUITests.swift */ = {isa = PBXFileReference; lastKnownFileType = sourcecode.swift; path = PodcastPlayerUITests.swift; sourceTree = "<group>"; };
		7183AAE525E764A500E1AD98 /* Info.plist */ = {isa = PBXFileReference; lastKnownFileType = text.plist.xml; path = Info.plist; sourceTree = "<group>"; };
		71AE976C25EBC07D00E9284F /* HomepageTableHeaderView.swift */ = {isa = PBXFileReference; lastKnownFileType = sourcecode.swift; path = HomepageTableHeaderView.swift; sourceTree = "<group>"; };
		71CFF16D25EA4D6900C0D278 /* HTTPClient.swift */ = {isa = PBXFileReference; lastKnownFileType = sourcecode.swift; path = HTTPClient.swift; sourceTree = "<group>"; };
		71CFF17D25EA86B800C0D278 /* HomepageViewController.swift */ = {isa = PBXFileReference; lastKnownFileType = sourcecode.swift; path = HomepageViewController.swift; sourceTree = "<group>"; };
		71CFF17E25EA86B800C0D278 /* HomepageViewController.xib */ = {isa = PBXFileReference; lastKnownFileType = file.xib; path = HomepageViewController.xib; sourceTree = "<group>"; };
		7AF333974F0193001B96F00D /* Pods-PodcastPlayer.release.xcconfig */ = {isa = PBXFileReference; includeInIndex = 1; lastKnownFileType = text.xcconfig; name = "Pods-PodcastPlayer.release.xcconfig"; path = "Target Support Files/Pods-PodcastPlayer/Pods-PodcastPlayer.release.xcconfig"; sourceTree = "<group>"; };
		9045AF43600FF49F291DBB5B /* Pods-PodcastPlayer.debug.xcconfig */ = {isa = PBXFileReference; includeInIndex = 1; lastKnownFileType = text.xcconfig; name = "Pods-PodcastPlayer.debug.xcconfig"; path = "Target Support Files/Pods-PodcastPlayer/Pods-PodcastPlayer.debug.xcconfig"; sourceTree = "<group>"; };
		92A39518460425BF0D571196 /* Pods_PodcastPlayer_PodcastPlayerUITests.framework */ = {isa = PBXFileReference; explicitFileType = wrapper.framework; includeInIndex = 0; path = Pods_PodcastPlayer_PodcastPlayerUITests.framework; sourceTree = BUILT_PRODUCTS_DIR; };
		C2595733C8653F7163B8F8B6 /* Pods_PodcastPlayerTests.framework */ = {isa = PBXFileReference; explicitFileType = wrapper.framework; includeInIndex = 0; path = Pods_PodcastPlayerTests.framework; sourceTree = BUILT_PRODUCTS_DIR; };
		D6356C7E4A3818543AF01CE1 /* Pods-PodcastPlayer-PodcastPlayerUITests.debug.xcconfig */ = {isa = PBXFileReference; includeInIndex = 1; lastKnownFileType = text.xcconfig; name = "Pods-PodcastPlayer-PodcastPlayerUITests.debug.xcconfig"; path = "Target Support Files/Pods-PodcastPlayer-PodcastPlayerUITests/Pods-PodcastPlayer-PodcastPlayerUITests.debug.xcconfig"; sourceTree = "<group>"; };
		E20EC157B7407728D40FB0E3 /* Pods-PodcastPlayerTests.release.xcconfig */ = {isa = PBXFileReference; includeInIndex = 1; lastKnownFileType = text.xcconfig; name = "Pods-PodcastPlayerTests.release.xcconfig"; path = "Target Support Files/Pods-PodcastPlayerTests/Pods-PodcastPlayerTests.release.xcconfig"; sourceTree = "<group>"; };
/* End PBXFileReference section */

/* Begin PBXFrameworksBuildPhase section */
		7183AABB25E764A300E1AD98 /* Frameworks */ = {
			isa = PBXFrameworksBuildPhase;
			buildActionMask = 2147483647;
			files = (
				839F890BA4A665B5F142A214 /* Pods_PodcastPlayer.framework in Frameworks */,
			);
			runOnlyForDeploymentPostprocessing = 0;
		};
		7183AAD125E764A500E1AD98 /* Frameworks */ = {
			isa = PBXFrameworksBuildPhase;
			buildActionMask = 2147483647;
			files = (
				F558C36E918486F71433BB9B /* Pods_PodcastPlayerTests.framework in Frameworks */,
			);
			runOnlyForDeploymentPostprocessing = 0;
		};
		7183AADC25E764A500E1AD98 /* Frameworks */ = {
			isa = PBXFrameworksBuildPhase;
			buildActionMask = 2147483647;
			files = (
				5B507977B11368B117CD7FB5 /* Pods_PodcastPlayer_PodcastPlayerUITests.framework in Frameworks */,
			);
			runOnlyForDeploymentPostprocessing = 0;
		};
/* End PBXFrameworksBuildPhase section */

/* Begin PBXGroup section */
		4D7982D1D414885881F8762D /* Frameworks */ = {
			isa = PBXGroup;
			children = (
				0B700F3272DD8AC5D43BE7F9 /* Pods_PodcastPlayer.framework */,
				92A39518460425BF0D571196 /* Pods_PodcastPlayer_PodcastPlayerUITests.framework */,
				C2595733C8653F7163B8F8B6 /* Pods_PodcastPlayerTests.framework */,
			);
			name = Frameworks;
			sourceTree = "<group>";
		};
		712CB8FD25E9E47A00034CE7 /* Supporting Files */ = {
			isa = PBXGroup;
			children = (
				7183AACC25E764A400E1AD98 /* LaunchScreen.storyboard */,
				7183AACF25E764A400E1AD98 /* Info.plist */,
			);
			path = "Supporting Files";
			sourceTree = "<group>";
		};
		712CB8FE25E9E48400034CE7 /* Fundmental */ = {
			isa = PBXGroup;
			children = (
				7183AAC125E764A300E1AD98 /* AppDelegate.swift */,
				7183AAC325E764A300E1AD98 /* SceneDelegate.swift */,
			);
			path = Fundmental;
			sourceTree = "<group>";
		};
		712CB90525E9E4F500034CE7 /* Controller */ = {
			isa = PBXGroup;
			children = (
				71CFF17D25EA86B800C0D278 /* HomepageViewController.swift */,
			);
			path = Controller;
			sourceTree = "<group>";
		};
		712CB91125E9E69B00034CE7 /* EpisodeFeedFeature */ = {
			isa = PBXGroup;
			children = (
				712CB91225E9E72600034CE7 /* EpisodeFeedLoader.swift */,
				713D497D25EB915600058FD4 /* RSSItem.swift */,
			);
			path = EpisodeFeedFeature;
			sourceTree = "<group>";
		};
		712CB91A25E9E9B300034CE7 /* EpisodeFeedAPI */ = {
			isa = PBXGroup;
			children = (
				71CFF16D25EA4D6900C0D278 /* HTTPClient.swift */,
			);
			path = EpisodeFeedAPI;
			sourceTree = "<group>";
		};
		713D494D25EB5BE400058FD4 /* TableViewCell */ = {
			isa = PBXGroup;
			children = (
				713D494E25EB5C0D00058FD4 /* EpisodeFeedTableViewCell.swift */,
				713D494F25EB5C0D00058FD4 /* EpisodeFeedTableViewCell.xib */,
			);
			path = TableViewCell;
			sourceTree = "<group>";
		};
		713D496925EB717400058FD4 /* Extension */ = {
			isa = PBXGroup;
			children = (
				713D496A25EB719700058FD4 /* UITableView+Extension.swift */,
				713D496F25EB745F00058FD4 /* DateFormatter+Extension.swift */,
			);
			path = Extension;
			sourceTree = "<group>";
		};
		7183AAB525E764A300E1AD98 = {
			isa = PBXGroup;
			children = (
				7183AAC025E764A300E1AD98 /* PodcastPlayer */,
				7183AAD725E764A500E1AD98 /* PodcastPlayerTests */,
				7183AAE225E764A500E1AD98 /* PodcastPlayerUITests */,
				7183AABF25E764A300E1AD98 /* Products */,
				9F9ECF8174348305F475B55F /* Pods */,
				4D7982D1D414885881F8762D /* Frameworks */,
			);
			sourceTree = "<group>";
		};
		7183AABF25E764A300E1AD98 /* Products */ = {
			isa = PBXGroup;
			children = (
				7183AABE25E764A300E1AD98 /* PodcastPlayer.app */,
				7183AAD425E764A500E1AD98 /* PodcastPlayerTests.xctest */,
				7183AADF25E764A500E1AD98 /* PodcastPlayerUITests.xctest */,
			);
			name = Products;
			sourceTree = "<group>";
		};
		7183AAC025E764A300E1AD98 /* PodcastPlayer */ = {
			isa = PBXGroup;
			children = (
				713D496925EB717400058FD4 /* Extension */,
				71CFF17B25EA869000C0D278 /* xib */,
				712CB91125E9E69B00034CE7 /* EpisodeFeedFeature */,
				712CB91A25E9E9B300034CE7 /* EpisodeFeedAPI */,
				71AE976B25EBC05D00E9284F /* View */,
				712CB90525E9E4F500034CE7 /* Controller */,
				7183AACA25E764A400E1AD98 /* Assets.xcassets */,
				712CB8FE25E9E48400034CE7 /* Fundmental */,
				712CB8FD25E9E47A00034CE7 /* Supporting Files */,
			);
			path = PodcastPlayer;
			sourceTree = "<group>";
		};
		7183AAD725E764A500E1AD98 /* PodcastPlayerTests */ = {
			isa = PBXGroup;
			children = (
				7183AAD825E764A500E1AD98 /* PodcastPlayerTests.swift */,
				7183AADA25E764A500E1AD98 /* Info.plist */,
			);
			path = PodcastPlayerTests;
			sourceTree = "<group>";
		};
		7183AAE225E764A500E1AD98 /* PodcastPlayerUITests */ = {
			isa = PBXGroup;
			children = (
				7183AAE325E764A500E1AD98 /* PodcastPlayerUITests.swift */,
				7183AAE525E764A500E1AD98 /* Info.plist */,
			);
			path = PodcastPlayerUITests;
			sourceTree = "<group>";
		};
		71AE976B25EBC05D00E9284F /* View */ = {
			isa = PBXGroup;
			children = (
				71AE976C25EBC07D00E9284F /* HomepageTableHeaderView.swift */,
			);
			path = View;
			sourceTree = "<group>";
		};
		71CFF17B25EA869000C0D278 /* xib */ = {
			isa = PBXGroup;
			children = (
				713D494D25EB5BE400058FD4 /* TableViewCell */,
				71CFF17E25EA86B800C0D278 /* HomepageViewController.xib */,
			);
			path = xib;
			sourceTree = "<group>";
		};
		9F9ECF8174348305F475B55F /* Pods */ = {
			isa = PBXGroup;
			children = (
				9045AF43600FF49F291DBB5B /* Pods-PodcastPlayer.debug.xcconfig */,
				7AF333974F0193001B96F00D /* Pods-PodcastPlayer.release.xcconfig */,
				D6356C7E4A3818543AF01CE1 /* Pods-PodcastPlayer-PodcastPlayerUITests.debug.xcconfig */,
				4F4C0986976B55A4A3CFB6ED /* Pods-PodcastPlayer-PodcastPlayerUITests.release.xcconfig */,
				0F1BB758FF437D4D82629DCD /* Pods-PodcastPlayerTests.debug.xcconfig */,
				E20EC157B7407728D40FB0E3 /* Pods-PodcastPlayerTests.release.xcconfig */,
			);
			path = Pods;
			sourceTree = "<group>";
		};
/* End PBXGroup section */

/* Begin PBXNativeTarget section */
		7183AABD25E764A300E1AD98 /* PodcastPlayer */ = {
			isa = PBXNativeTarget;
			buildConfigurationList = 7183AAE825E764A500E1AD98 /* Build configuration list for PBXNativeTarget "PodcastPlayer" */;
			buildPhases = (
				F7FEECE2D56A022CCB4455F2 /* [CP] Check Pods Manifest.lock */,
				7183AABA25E764A300E1AD98 /* Sources */,
				7183AABB25E764A300E1AD98 /* Frameworks */,
				7183AABC25E764A300E1AD98 /* Resources */,
				706B3E89AFF71C54779B1D7A /* [CP] Embed Pods Frameworks */,
			);
			buildRules = (
			);
			dependencies = (
			);
			name = PodcastPlayer;
			productName = PodcastPlayer;
			productReference = 7183AABE25E764A300E1AD98 /* PodcastPlayer.app */;
			productType = "com.apple.product-type.application";
		};
		7183AAD325E764A500E1AD98 /* PodcastPlayerTests */ = {
			isa = PBXNativeTarget;
			buildConfigurationList = 7183AAEB25E764A500E1AD98 /* Build configuration list for PBXNativeTarget "PodcastPlayerTests" */;
			buildPhases = (
				6A2930AFA208D90932B93C83 /* [CP] Check Pods Manifest.lock */,
				7183AAD025E764A500E1AD98 /* Sources */,
				7183AAD125E764A500E1AD98 /* Frameworks */,
				7183AAD225E764A500E1AD98 /* Resources */,
			);
			buildRules = (
			);
			dependencies = (
				7183AAD625E764A500E1AD98 /* PBXTargetDependency */,
			);
			name = PodcastPlayerTests;
			productName = PodcastPlayerTests;
			productReference = 7183AAD425E764A500E1AD98 /* PodcastPlayerTests.xctest */;
			productType = "com.apple.product-type.bundle.unit-test";
		};
		7183AADE25E764A500E1AD98 /* PodcastPlayerUITests */ = {
			isa = PBXNativeTarget;
			buildConfigurationList = 7183AAEE25E764A500E1AD98 /* Build configuration list for PBXNativeTarget "PodcastPlayerUITests" */;
			buildPhases = (
				D9E7B830FF3B95CC0FBB6D44 /* [CP] Check Pods Manifest.lock */,
				7183AADB25E764A500E1AD98 /* Sources */,
				7183AADC25E764A500E1AD98 /* Frameworks */,
				7183AADD25E764A500E1AD98 /* Resources */,
				58335413C53521B69736E9BD /* [CP] Embed Pods Frameworks */,
			);
			buildRules = (
			);
			dependencies = (
				7183AAE125E764A500E1AD98 /* PBXTargetDependency */,
			);
			name = PodcastPlayerUITests;
			productName = PodcastPlayerUITests;
			productReference = 7183AADF25E764A500E1AD98 /* PodcastPlayerUITests.xctest */;
			productType = "com.apple.product-type.bundle.ui-testing";
		};
/* End PBXNativeTarget section */

/* Begin PBXProject section */
		7183AAB625E764A300E1AD98 /* Project object */ = {
			isa = PBXProject;
			attributes = {
				LastSwiftUpdateCheck = 1220;
				LastUpgradeCheck = 1220;
				TargetAttributes = {
					7183AABD25E764A300E1AD98 = {
						CreatedOnToolsVersion = 12.2;
					};
					7183AAD325E764A500E1AD98 = {
						CreatedOnToolsVersion = 12.2;
						TestTargetID = 7183AABD25E764A300E1AD98;
					};
					7183AADE25E764A500E1AD98 = {
						CreatedOnToolsVersion = 12.2;
						TestTargetID = 7183AABD25E764A300E1AD98;
					};
				};
			};
			buildConfigurationList = 7183AAB925E764A300E1AD98 /* Build configuration list for PBXProject "PodcastPlayer" */;
			compatibilityVersion = "Xcode 9.3";
			developmentRegion = en;
			hasScannedForEncodings = 0;
			knownRegions = (
				en,
				Base,
			);
			mainGroup = 7183AAB525E764A300E1AD98;
			productRefGroup = 7183AABF25E764A300E1AD98 /* Products */;
			projectDirPath = "";
			projectRoot = "";
			targets = (
				7183AABD25E764A300E1AD98 /* PodcastPlayer */,
				7183AAD325E764A500E1AD98 /* PodcastPlayerTests */,
				7183AADE25E764A500E1AD98 /* PodcastPlayerUITests */,
			);
		};
/* End PBXProject section */

/* Begin PBXResourcesBuildPhase section */
		7183AABC25E764A300E1AD98 /* Resources */ = {
			isa = PBXResourcesBuildPhase;
			buildActionMask = 2147483647;
			files = (
				7183AACE25E764A400E1AD98 /* LaunchScreen.storyboard in Resources */,
				713D495125EB5C0D00058FD4 /* EpisodeFeedTableViewCell.xib in Resources */,
				71CFF18025EA86B800C0D278 /* HomepageViewController.xib in Resources */,
				7183AACB25E764A400E1AD98 /* Assets.xcassets in Resources */,
			);
			runOnlyForDeploymentPostprocessing = 0;
		};
		7183AAD225E764A500E1AD98 /* Resources */ = {
			isa = PBXResourcesBuildPhase;
			buildActionMask = 2147483647;
			files = (
			);
			runOnlyForDeploymentPostprocessing = 0;
		};
		7183AADD25E764A500E1AD98 /* Resources */ = {
			isa = PBXResourcesBuildPhase;
			buildActionMask = 2147483647;
			files = (
			);
			runOnlyForDeploymentPostprocessing = 0;
		};
/* End PBXResourcesBuildPhase section */

/* Begin PBXShellScriptBuildPhase section */
		58335413C53521B69736E9BD /* [CP] Embed Pods Frameworks */ = {
			isa = PBXShellScriptBuildPhase;
			buildActionMask = 2147483647;
			files = (
			);
			inputFileListPaths = (
				"${PODS_ROOT}/Target Support Files/Pods-PodcastPlayer-PodcastPlayerUITests/Pods-PodcastPlayer-PodcastPlayerUITests-frameworks-${CONFIGURATION}-input-files.xcfilelist",
			);
			name = "[CP] Embed Pods Frameworks";
			outputFileListPaths = (
				"${PODS_ROOT}/Target Support Files/Pods-PodcastPlayer-PodcastPlayerUITests/Pods-PodcastPlayer-PodcastPlayerUITests-frameworks-${CONFIGURATION}-output-files.xcfilelist",
			);
			runOnlyForDeploymentPostprocessing = 0;
			shellPath = /bin/sh;
			shellScript = "\"${PODS_ROOT}/Target Support Files/Pods-PodcastPlayer-PodcastPlayerUITests/Pods-PodcastPlayer-PodcastPlayerUITests-frameworks.sh\"\n";
			showEnvVarsInLog = 0;
		};
		6A2930AFA208D90932B93C83 /* [CP] Check Pods Manifest.lock */ = {
			isa = PBXShellScriptBuildPhase;
			buildActionMask = 2147483647;
			files = (
			);
			inputFileListPaths = (
			);
			inputPaths = (
				"${PODS_PODFILE_DIR_PATH}/Podfile.lock",
				"${PODS_ROOT}/Manifest.lock",
			);
			name = "[CP] Check Pods Manifest.lock";
			outputFileListPaths = (
			);
			outputPaths = (
				"$(DERIVED_FILE_DIR)/Pods-PodcastPlayerTests-checkManifestLockResult.txt",
			);
			runOnlyForDeploymentPostprocessing = 0;
			shellPath = /bin/sh;
			shellScript = "diff \"${PODS_PODFILE_DIR_PATH}/Podfile.lock\" \"${PODS_ROOT}/Manifest.lock\" > /dev/null\nif [ $? != 0 ] ; then\n    # print error to STDERR\n    echo \"error: The sandbox is not in sync with the Podfile.lock. Run 'pod install' or update your CocoaPods installation.\" >&2\n    exit 1\nfi\n# This output is used by Xcode 'outputs' to avoid re-running this script phase.\necho \"SUCCESS\" > \"${SCRIPT_OUTPUT_FILE_0}\"\n";
			showEnvVarsInLog = 0;
		};
		706B3E89AFF71C54779B1D7A /* [CP] Embed Pods Frameworks */ = {
			isa = PBXShellScriptBuildPhase;
			buildActionMask = 2147483647;
			files = (
			);
			inputFileListPaths = (
				"${PODS_ROOT}/Target Support Files/Pods-PodcastPlayer/Pods-PodcastPlayer-frameworks-${CONFIGURATION}-input-files.xcfilelist",
			);
			name = "[CP] Embed Pods Frameworks";
			outputFileListPaths = (
				"${PODS_ROOT}/Target Support Files/Pods-PodcastPlayer/Pods-PodcastPlayer-frameworks-${CONFIGURATION}-output-files.xcfilelist",
			);
			runOnlyForDeploymentPostprocessing = 0;
			shellPath = /bin/sh;
			shellScript = "\"${PODS_ROOT}/Target Support Files/Pods-PodcastPlayer/Pods-PodcastPlayer-frameworks.sh\"\n";
			showEnvVarsInLog = 0;
		};
		D9E7B830FF3B95CC0FBB6D44 /* [CP] Check Pods Manifest.lock */ = {
			isa = PBXShellScriptBuildPhase;
			buildActionMask = 2147483647;
			files = (
			);
			inputFileListPaths = (
			);
			inputPaths = (
				"${PODS_PODFILE_DIR_PATH}/Podfile.lock",
				"${PODS_ROOT}/Manifest.lock",
			);
			name = "[CP] Check Pods Manifest.lock";
			outputFileListPaths = (
			);
			outputPaths = (
				"$(DERIVED_FILE_DIR)/Pods-PodcastPlayer-PodcastPlayerUITests-checkManifestLockResult.txt",
			);
			runOnlyForDeploymentPostprocessing = 0;
			shellPath = /bin/sh;
			shellScript = "diff \"${PODS_PODFILE_DIR_PATH}/Podfile.lock\" \"${PODS_ROOT}/Manifest.lock\" > /dev/null\nif [ $? != 0 ] ; then\n    # print error to STDERR\n    echo \"error: The sandbox is not in sync with the Podfile.lock. Run 'pod install' or update your CocoaPods installation.\" >&2\n    exit 1\nfi\n# This output is used by Xcode 'outputs' to avoid re-running this script phase.\necho \"SUCCESS\" > \"${SCRIPT_OUTPUT_FILE_0}\"\n";
			showEnvVarsInLog = 0;
		};
		F7FEECE2D56A022CCB4455F2 /* [CP] Check Pods Manifest.lock */ = {
			isa = PBXShellScriptBuildPhase;
			buildActionMask = 2147483647;
			files = (
			);
			inputFileListPaths = (
			);
			inputPaths = (
				"${PODS_PODFILE_DIR_PATH}/Podfile.lock",
				"${PODS_ROOT}/Manifest.lock",
			);
			name = "[CP] Check Pods Manifest.lock";
			outputFileListPaths = (
			);
			outputPaths = (
				"$(DERIVED_FILE_DIR)/Pods-PodcastPlayer-checkManifestLockResult.txt",
			);
			runOnlyForDeploymentPostprocessing = 0;
			shellPath = /bin/sh;
			shellScript = "diff \"${PODS_PODFILE_DIR_PATH}/Podfile.lock\" \"${PODS_ROOT}/Manifest.lock\" > /dev/null\nif [ $? != 0 ] ; then\n    # print error to STDERR\n    echo \"error: The sandbox is not in sync with the Podfile.lock. Run 'pod install' or update your CocoaPods installation.\" >&2\n    exit 1\nfi\n# This output is used by Xcode 'outputs' to avoid re-running this script phase.\necho \"SUCCESS\" > \"${SCRIPT_OUTPUT_FILE_0}\"\n";
			showEnvVarsInLog = 0;
		};
/* End PBXShellScriptBuildPhase section */

/* Begin PBXSourcesBuildPhase section */
		7183AABA25E764A300E1AD98 /* Sources */ = {
			isa = PBXSourcesBuildPhase;
			buildActionMask = 2147483647;
			files = (
				713D497E25EB915600058FD4 /* RSSItem.swift in Sources */,
				713D495025EB5C0D00058FD4 /* EpisodeFeedTableViewCell.swift in Sources */,
				71AE976D25EBC07D00E9284F /* HomepageTableHeaderView.swift in Sources */,
				7183AAC225E764A300E1AD98 /* AppDelegate.swift in Sources */,
				713D497025EB745F00058FD4 /* DateFormatter+Extension.swift in Sources */,
				713D496B25EB719700058FD4 /* UITableView+Extension.swift in Sources */,
				71CFF16E25EA4D6900C0D278 /* HTTPClient.swift in Sources */,
				712CB91325E9E72600034CE7 /* EpisodeFeedLoader.swift in Sources */,
				7183AAC425E764A300E1AD98 /* SceneDelegate.swift in Sources */,
				71CFF17F25EA86B800C0D278 /* HomepageViewController.swift in Sources */,
			);
			runOnlyForDeploymentPostprocessing = 0;
		};
		7183AAD025E764A500E1AD98 /* Sources */ = {
			isa = PBXSourcesBuildPhase;
			buildActionMask = 2147483647;
			files = (
				7183AAD925E764A500E1AD98 /* PodcastPlayerTests.swift in Sources */,
			);
			runOnlyForDeploymentPostprocessing = 0;
		};
		7183AADB25E764A500E1AD98 /* Sources */ = {
			isa = PBXSourcesBuildPhase;
			buildActionMask = 2147483647;
			files = (
				7183AAE425E764A500E1AD98 /* PodcastPlayerUITests.swift in Sources */,
			);
			runOnlyForDeploymentPostprocessing = 0;
		};
/* End PBXSourcesBuildPhase section */

/* Begin PBXTargetDependency section */
		7183AAD625E764A500E1AD98 /* PBXTargetDependency */ = {
			isa = PBXTargetDependency;
			target = 7183AABD25E764A300E1AD98 /* PodcastPlayer */;
			targetProxy = 7183AAD525E764A500E1AD98 /* PBXContainerItemProxy */;
		};
		7183AAE125E764A500E1AD98 /* PBXTargetDependency */ = {
			isa = PBXTargetDependency;
			target = 7183AABD25E764A300E1AD98 /* PodcastPlayer */;
			targetProxy = 7183AAE025E764A500E1AD98 /* PBXContainerItemProxy */;
		};
/* End PBXTargetDependency section */

/* Begin PBXVariantGroup section */
		7183AACC25E764A400E1AD98 /* LaunchScreen.storyboard */ = {
			isa = PBXVariantGroup;
			children = (
				7183AACD25E764A400E1AD98 /* Base */,
			);
			name = LaunchScreen.storyboard;
			sourceTree = "<group>";
		};
/* End PBXVariantGroup section */

/* Begin XCBuildConfiguration section */
		7183AAE625E764A500E1AD98 /* Debug */ = {
			isa = XCBuildConfiguration;
			buildSettings = {
				ALWAYS_SEARCH_USER_PATHS = NO;
				CLANG_ANALYZER_NONNULL = YES;
				CLANG_ANALYZER_NUMBER_OBJECT_CONVERSION = YES_AGGRESSIVE;
				CLANG_CXX_LANGUAGE_STANDARD = "gnu++14";
				CLANG_CXX_LIBRARY = "libc++";
				CLANG_ENABLE_MODULES = YES;
				CLANG_ENABLE_OBJC_ARC = YES;
				CLANG_ENABLE_OBJC_WEAK = YES;
				CLANG_WARN_BLOCK_CAPTURE_AUTORELEASING = YES;
				CLANG_WARN_BOOL_CONVERSION = YES;
				CLANG_WARN_COMMA = YES;
				CLANG_WARN_CONSTANT_CONVERSION = YES;
				CLANG_WARN_DEPRECATED_OBJC_IMPLEMENTATIONS = YES;
				CLANG_WARN_DIRECT_OBJC_ISA_USAGE = YES_ERROR;
				CLANG_WARN_DOCUMENTATION_COMMENTS = YES;
				CLANG_WARN_EMPTY_BODY = YES;
				CLANG_WARN_ENUM_CONVERSION = YES;
				CLANG_WARN_INFINITE_RECURSION = YES;
				CLANG_WARN_INT_CONVERSION = YES;
				CLANG_WARN_NON_LITERAL_NULL_CONVERSION = YES;
				CLANG_WARN_OBJC_IMPLICIT_RETAIN_SELF = YES;
				CLANG_WARN_OBJC_LITERAL_CONVERSION = YES;
				CLANG_WARN_OBJC_ROOT_CLASS = YES_ERROR;
				CLANG_WARN_QUOTED_INCLUDE_IN_FRAMEWORK_HEADER = YES;
				CLANG_WARN_RANGE_LOOP_ANALYSIS = YES;
				CLANG_WARN_STRICT_PROTOTYPES = YES;
				CLANG_WARN_SUSPICIOUS_MOVE = YES;
				CLANG_WARN_UNGUARDED_AVAILABILITY = YES_AGGRESSIVE;
				CLANG_WARN_UNREACHABLE_CODE = YES;
				CLANG_WARN__DUPLICATE_METHOD_MATCH = YES;
				COPY_PHASE_STRIP = NO;
				DEBUG_INFORMATION_FORMAT = dwarf;
				ENABLE_STRICT_OBJC_MSGSEND = YES;
				ENABLE_TESTABILITY = YES;
				GCC_C_LANGUAGE_STANDARD = gnu11;
				GCC_DYNAMIC_NO_PIC = NO;
				GCC_NO_COMMON_BLOCKS = YES;
				GCC_OPTIMIZATION_LEVEL = 0;
				GCC_PREPROCESSOR_DEFINITIONS = (
					"DEBUG=1",
					"$(inherited)",
				);
				GCC_WARN_64_TO_32_BIT_CONVERSION = YES;
				GCC_WARN_ABOUT_RETURN_TYPE = YES_ERROR;
				GCC_WARN_UNDECLARED_SELECTOR = YES;
				GCC_WARN_UNINITIALIZED_AUTOS = YES_AGGRESSIVE;
				GCC_WARN_UNUSED_FUNCTION = YES;
				GCC_WARN_UNUSED_VARIABLE = YES;
				IPHONEOS_DEPLOYMENT_TARGET = 14.2;
				MTL_ENABLE_DEBUG_INFO = INCLUDE_SOURCE;
				MTL_FAST_MATH = YES;
				ONLY_ACTIVE_ARCH = YES;
				SDKROOT = iphoneos;
				SWIFT_ACTIVE_COMPILATION_CONDITIONS = DEBUG;
				SWIFT_OPTIMIZATION_LEVEL = "-Onone";
			};
			name = Debug;
		};
		7183AAE725E764A500E1AD98 /* Release */ = {
			isa = XCBuildConfiguration;
			buildSettings = {
				ALWAYS_SEARCH_USER_PATHS = NO;
				CLANG_ANALYZER_NONNULL = YES;
				CLANG_ANALYZER_NUMBER_OBJECT_CONVERSION = YES_AGGRESSIVE;
				CLANG_CXX_LANGUAGE_STANDARD = "gnu++14";
				CLANG_CXX_LIBRARY = "libc++";
				CLANG_ENABLE_MODULES = YES;
				CLANG_ENABLE_OBJC_ARC = YES;
				CLANG_ENABLE_OBJC_WEAK = YES;
				CLANG_WARN_BLOCK_CAPTURE_AUTORELEASING = YES;
				CLANG_WARN_BOOL_CONVERSION = YES;
				CLANG_WARN_COMMA = YES;
				CLANG_WARN_CONSTANT_CONVERSION = YES;
				CLANG_WARN_DEPRECATED_OBJC_IMPLEMENTATIONS = YES;
				CLANG_WARN_DIRECT_OBJC_ISA_USAGE = YES_ERROR;
				CLANG_WARN_DOCUMENTATION_COMMENTS = YES;
				CLANG_WARN_EMPTY_BODY = YES;
				CLANG_WARN_ENUM_CONVERSION = YES;
				CLANG_WARN_INFINITE_RECURSION = YES;
				CLANG_WARN_INT_CONVERSION = YES;
				CLANG_WARN_NON_LITERAL_NULL_CONVERSION = YES;
				CLANG_WARN_OBJC_IMPLICIT_RETAIN_SELF = YES;
				CLANG_WARN_OBJC_LITERAL_CONVERSION = YES;
				CLANG_WARN_OBJC_ROOT_CLASS = YES_ERROR;
				CLANG_WARN_QUOTED_INCLUDE_IN_FRAMEWORK_HEADER = YES;
				CLANG_WARN_RANGE_LOOP_ANALYSIS = YES;
				CLANG_WARN_STRICT_PROTOTYPES = YES;
				CLANG_WARN_SUSPICIOUS_MOVE = YES;
				CLANG_WARN_UNGUARDED_AVAILABILITY = YES_AGGRESSIVE;
				CLANG_WARN_UNREACHABLE_CODE = YES;
				CLANG_WARN__DUPLICATE_METHOD_MATCH = YES;
				COPY_PHASE_STRIP = NO;
				DEBUG_INFORMATION_FORMAT = "dwarf-with-dsym";
				ENABLE_NS_ASSERTIONS = NO;
				ENABLE_STRICT_OBJC_MSGSEND = YES;
				GCC_C_LANGUAGE_STANDARD = gnu11;
				GCC_NO_COMMON_BLOCKS = YES;
				GCC_WARN_64_TO_32_BIT_CONVERSION = YES;
				GCC_WARN_ABOUT_RETURN_TYPE = YES_ERROR;
				GCC_WARN_UNDECLARED_SELECTOR = YES;
				GCC_WARN_UNINITIALIZED_AUTOS = YES_AGGRESSIVE;
				GCC_WARN_UNUSED_FUNCTION = YES;
				GCC_WARN_UNUSED_VARIABLE = YES;
				IPHONEOS_DEPLOYMENT_TARGET = 14.2;
				MTL_ENABLE_DEBUG_INFO = NO;
				MTL_FAST_MATH = YES;
				SDKROOT = iphoneos;
				SWIFT_COMPILATION_MODE = wholemodule;
				SWIFT_OPTIMIZATION_LEVEL = "-O";
				VALIDATE_PRODUCT = YES;
			};
			name = Release;
		};
		7183AAE925E764A500E1AD98 /* Debug */ = {
			isa = XCBuildConfiguration;
			baseConfigurationReference = 9045AF43600FF49F291DBB5B /* Pods-PodcastPlayer.debug.xcconfig */;
			buildSettings = {
				ASSETCATALOG_COMPILER_APPICON_NAME = AppIcon;
				ASSETCATALOG_COMPILER_GLOBAL_ACCENT_COLOR_NAME = AccentColor;
				CODE_SIGN_STYLE = Automatic;
				DEVELOPMENT_TEAM = XTR83A4K57;
				INFOPLIST_FILE = "PodcastPlayer/Supporting Files/Info.plist";
				LD_RUNPATH_SEARCH_PATHS = (
					"$(inherited)",
					"@executable_path/Frameworks",
				);
				PRODUCT_BUNDLE_IDENTIFIER = "com.Joey-HeZhiOA.PodcastPlayer";
				PRODUCT_NAME = "$(TARGET_NAME)";
				SWIFT_VERSION = 5.0;
				TARGETED_DEVICE_FAMILY = "1,2";
			};
			name = Debug;
		};
		7183AAEA25E764A500E1AD98 /* Release */ = {
			isa = XCBuildConfiguration;
			baseConfigurationReference = 7AF333974F0193001B96F00D /* Pods-PodcastPlayer.release.xcconfig */;
			buildSettings = {
				ASSETCATALOG_COMPILER_APPICON_NAME = AppIcon;
				ASSETCATALOG_COMPILER_GLOBAL_ACCENT_COLOR_NAME = AccentColor;
				CODE_SIGN_STYLE = Automatic;
				DEVELOPMENT_TEAM = XTR83A4K57;
				INFOPLIST_FILE = "PodcastPlayer/Supporting Files/Info.plist";
				LD_RUNPATH_SEARCH_PATHS = (
					"$(inherited)",
					"@executable_path/Frameworks",
				);
				PRODUCT_BUNDLE_IDENTIFIER = "com.Joey-HeZhiOA.PodcastPlayer";
				PRODUCT_NAME = "$(TARGET_NAME)";
				SWIFT_VERSION = 5.0;
				TARGETED_DEVICE_FAMILY = "1,2";
			};
			name = Release;
		};
		7183AAEC25E764A500E1AD98 /* Debug */ = {
			isa = XCBuildConfiguration;
			baseConfigurationReference = 0F1BB758FF437D4D82629DCD /* Pods-PodcastPlayerTests.debug.xcconfig */;
			buildSettings = {
				ALWAYS_EMBED_SWIFT_STANDARD_LIBRARIES = YES;
				BUNDLE_LOADER = "$(TEST_HOST)";
				CODE_SIGN_STYLE = Automatic;
				DEVELOPMENT_TEAM = XTR83A4K57;
				INFOPLIST_FILE = PodcastPlayerTests/Info.plist;
				IPHONEOS_DEPLOYMENT_TARGET = 14.2;
				LD_RUNPATH_SEARCH_PATHS = (
					"$(inherited)",
					"@executable_path/Frameworks",
					"@loader_path/Frameworks",
				);
				PRODUCT_BUNDLE_IDENTIFIER = "com.Joey-HeZhiOA.PodcastPlayerTests";
				PRODUCT_NAME = "$(TARGET_NAME)";
				SWIFT_VERSION = 5.0;
				TARGETED_DEVICE_FAMILY = "1,2";
				TEST_HOST = "$(BUILT_PRODUCTS_DIR)/PodcastPlayer.app/PodcastPlayer";
			};
			name = Debug;
		};
		7183AAED25E764A500E1AD98 /* Release */ = {
			isa = XCBuildConfiguration;
			baseConfigurationReference = E20EC157B7407728D40FB0E3 /* Pods-PodcastPlayerTests.release.xcconfig */;
			buildSettings = {
				ALWAYS_EMBED_SWIFT_STANDARD_LIBRARIES = YES;
				BUNDLE_LOADER = "$(TEST_HOST)";
				CODE_SIGN_STYLE = Automatic;
				DEVELOPMENT_TEAM = XTR83A4K57;
				INFOPLIST_FILE = PodcastPlayerTests/Info.plist;
				IPHONEOS_DEPLOYMENT_TARGET = 14.2;
				LD_RUNPATH_SEARCH_PATHS = (
					"$(inherited)",
					"@executable_path/Frameworks",
					"@loader_path/Frameworks",
				);
				PRODUCT_BUNDLE_IDENTIFIER = "com.Joey-HeZhiOA.PodcastPlayerTests";
				PRODUCT_NAME = "$(TARGET_NAME)";
				SWIFT_VERSION = 5.0;
				TARGETED_DEVICE_FAMILY = "1,2";
				TEST_HOST = "$(BUILT_PRODUCTS_DIR)/PodcastPlayer.app/PodcastPlayer";
			};
			name = Release;
		};
		7183AAEF25E764A500E1AD98 /* Debug */ = {
			isa = XCBuildConfiguration;
			baseConfigurationReference = D6356C7E4A3818543AF01CE1 /* Pods-PodcastPlayer-PodcastPlayerUITests.debug.xcconfig */;
			buildSettings = {
				ALWAYS_EMBED_SWIFT_STANDARD_LIBRARIES = YES;
				CODE_SIGN_STYLE = Automatic;
				DEVELOPMENT_TEAM = XTR83A4K57;
				INFOPLIST_FILE = PodcastPlayerUITests/Info.plist;
				LD_RUNPATH_SEARCH_PATHS = (
					"$(inherited)",
					"@executable_path/Frameworks",
					"@loader_path/Frameworks",
				);
				PRODUCT_BUNDLE_IDENTIFIER = "com.Joey-HeZhiOA.PodcastPlayerUITests";
				PRODUCT_NAME = "$(TARGET_NAME)";
				SWIFT_VERSION = 5.0;
				TARGETED_DEVICE_FAMILY = "1,2";
				TEST_TARGET_NAME = PodcastPlayer;
			};
			name = Debug;
		};
		7183AAF025E764A500E1AD98 /* Release */ = {
			isa = XCBuildConfiguration;
			baseConfigurationReference = 4F4C0986976B55A4A3CFB6ED /* Pods-PodcastPlayer-PodcastPlayerUITests.release.xcconfig */;
			buildSettings = {
				ALWAYS_EMBED_SWIFT_STANDARD_LIBRARIES = YES;
				CODE_SIGN_STYLE = Automatic;
				DEVELOPMENT_TEAM = XTR83A4K57;
				INFOPLIST_FILE = PodcastPlayerUITests/Info.plist;
				LD_RUNPATH_SEARCH_PATHS = (
					"$(inherited)",
					"@executable_path/Frameworks",
					"@loader_path/Frameworks",
				);
				PRODUCT_BUNDLE_IDENTIFIER = "com.Joey-HeZhiOA.PodcastPlayerUITests";
				PRODUCT_NAME = "$(TARGET_NAME)";
				SWIFT_VERSION = 5.0;
				TARGETED_DEVICE_FAMILY = "1,2";
				TEST_TARGET_NAME = PodcastPlayer;
			};
			name = Release;
		};
/* End XCBuildConfiguration section */

/* Begin XCConfigurationList section */
		7183AAB925E764A300E1AD98 /* Build configuration list for PBXProject "PodcastPlayer" */ = {
			isa = XCConfigurationList;
			buildConfigurations = (
				7183AAE625E764A500E1AD98 /* Debug */,
				7183AAE725E764A500E1AD98 /* Release */,
			);
			defaultConfigurationIsVisible = 0;
			defaultConfigurationName = Release;
		};
		7183AAE825E764A500E1AD98 /* Build configuration list for PBXNativeTarget "PodcastPlayer" */ = {
			isa = XCConfigurationList;
			buildConfigurations = (
				7183AAE925E764A500E1AD98 /* Debug */,
				7183AAEA25E764A500E1AD98 /* Release */,
			);
			defaultConfigurationIsVisible = 0;
			defaultConfigurationName = Release;
		};
		7183AAEB25E764A500E1AD98 /* Build configuration list for PBXNativeTarget "PodcastPlayerTests" */ = {
			isa = XCConfigurationList;
			buildConfigurations = (
				7183AAEC25E764A500E1AD98 /* Debug */,
				7183AAED25E764A500E1AD98 /* Release */,
			);
			defaultConfigurationIsVisible = 0;
			defaultConfigurationName = Release;
		};
		7183AAEE25E764A500E1AD98 /* Build configuration list for PBXNativeTarget "PodcastPlayerUITests" */ = {
			isa = XCConfigurationList;
			buildConfigurations = (
				7183AAEF25E764A500E1AD98 /* Debug */,
				7183AAF025E764A500E1AD98 /* Release */,
			);
			defaultConfigurationIsVisible = 0;
			defaultConfigurationName = Release;
		};
/* End XCConfigurationList section */
	};
	rootObject = 7183AAB625E764A300E1AD98 /* Project object */;
}
